// !$*UTF8*$!
{
	archiveVersion = 1;
	classes = {
	};
	objectVersion = 50;
	objects = {

/* Begin PBXBuildFile section */
		74FC8D5424CC8E1200B86BCA /* AppDelegate.swift in Sources */ = {isa = PBXBuildFile; fileRef = 74FC8D5324CC8E1200B86BCA /* AppDelegate.swift */; };
		74FC8D5624CC8E1200B86BCA /* SceneDelegate.swift in Sources */ = {isa = PBXBuildFile; fileRef = 74FC8D5524CC8E1200B86BCA /* SceneDelegate.swift */; };
		74FC8D5824CC8E1200B86BCA /* ViewController.swift in Sources */ = {isa = PBXBuildFile; fileRef = 74FC8D5724CC8E1200B86BCA /* ViewController.swift */; };
		74FC8D5B24CC8E1200B86BCA /* Main.storyboard in Resources */ = {isa = PBXBuildFile; fileRef = 74FC8D5924CC8E1200B86BCA /* Main.storyboard */; };
		74FC8D5D24CC8E1400B86BCA /* Assets.xcassets in Resources */ = {isa = PBXBuildFile; fileRef = 74FC8D5C24CC8E1400B86BCA /* Assets.xcassets */; };
		74FC8D6024CC8E1400B86BCA /* LaunchScreen.storyboard in Resources */ = {isa = PBXBuildFile; fileRef = 74FC8D5E24CC8E1400B86BCA /* LaunchScreen.storyboard */; };
		74FC8D7424CC907B00B86BCA /* StoryCell.swift in Sources */ = {isa = PBXBuildFile; fileRef = 74FC8D7324CC907B00B86BCA /* StoryCell.swift */; };
		74FC8D7524CC90CC00B86BCA /* ReusableView.swift in Sources */ = {isa = PBXBuildFile; fileRef = 74FC8D6A24CC8F3500B86BCA /* ReusableView.swift */; };
		74FC8D7624CC90D000B86BCA /* NIB+Initilizer.swift in Sources */ = {isa = PBXBuildFile; fileRef = 74FC8D6824CC8F3500B86BCA /* NIB+Initilizer.swift */; };
		74FC8D7724CC90D600B86BCA /* StoryPreviewCell.swift in Sources */ = {isa = PBXBuildFile; fileRef = 74FC8D6E24CC8F6000B86BCA /* StoryPreviewCell.swift */; };
		74FC8D7824CC90D600B86BCA /* StoryPreviewCell.xib in Resources */ = {isa = PBXBuildFile; fileRef = 74FC8D7124CC8F6000B86BCA /* StoryPreviewCell.xib */; };
		74FC8D7924CC90D600B86BCA /* VideoPlayerView.swift in Sources */ = {isa = PBXBuildFile; fileRef = 74FC8D6F24CC8F6000B86BCA /* VideoPlayerView.swift */; };
		74FC8D7A24CC90D600B86BCA /* PreviewHeaderView.swift in Sources */ = {isa = PBXBuildFile; fileRef = 74FC8D7024CC8F6000B86BCA /* PreviewHeaderView.swift */; };
		74FC8D7C24CC941700B86BCA /* StoryPreviewController.swift in Sources */ = {isa = PBXBuildFile; fileRef = 74FC8D7B24CC941700B86BCA /* StoryPreviewController.swift */; };
/* End PBXBuildFile section */

/* Begin PBXFileReference section */
		74FC8D5024CC8E1200B86BCA /* RCStoryPlayer.app */ = {isa = PBXFileReference; explicitFileType = wrapper.application; includeInIndex = 0; path = RCStoryPlayer.app; sourceTree = BUILT_PRODUCTS_DIR; };
		74FC8D5324CC8E1200B86BCA /* AppDelegate.swift */ = {isa = PBXFileReference; lastKnownFileType = sourcecode.swift; path = AppDelegate.swift; sourceTree = "<group>"; };
		74FC8D5524CC8E1200B86BCA /* SceneDelegate.swift */ = {isa = PBXFileReference; lastKnownFileType = sourcecode.swift; path = SceneDelegate.swift; sourceTree = "<group>"; };
		74FC8D5724CC8E1200B86BCA /* ViewController.swift */ = {isa = PBXFileReference; lastKnownFileType = sourcecode.swift; path = ViewController.swift; sourceTree = "<group>"; };
		74FC8D5A24CC8E1200B86BCA /* Base */ = {isa = PBXFileReference; lastKnownFileType = file.storyboard; name = Base; path = Base.lproj/Main.storyboard; sourceTree = "<group>"; };
		74FC8D5C24CC8E1400B86BCA /* Assets.xcassets */ = {isa = PBXFileReference; lastKnownFileType = folder.assetcatalog; path = Assets.xcassets; sourceTree = "<group>"; };
		74FC8D5F24CC8E1400B86BCA /* Base */ = {isa = PBXFileReference; lastKnownFileType = file.storyboard; name = Base; path = Base.lproj/LaunchScreen.storyboard; sourceTree = "<group>"; };
		74FC8D6124CC8E1400B86BCA /* Info.plist */ = {isa = PBXFileReference; lastKnownFileType = text.plist.xml; path = Info.plist; sourceTree = "<group>"; };
		74FC8D6824CC8F3500B86BCA /* NIB+Initilizer.swift */ = {isa = PBXFileReference; lastKnownFileType = sourcecode.swift; path = "NIB+Initilizer.swift"; sourceTree = "<group>"; };
		74FC8D6A24CC8F3500B86BCA /* ReusableView.swift */ = {isa = PBXFileReference; lastKnownFileType = sourcecode.swift; path = ReusableView.swift; sourceTree = "<group>"; };
		74FC8D6E24CC8F6000B86BCA /* StoryPreviewCell.swift */ = {isa = PBXFileReference; lastKnownFileType = sourcecode.swift; path = StoryPreviewCell.swift; sourceTree = "<group>"; };
		74FC8D6F24CC8F6000B86BCA /* VideoPlayerView.swift */ = {isa = PBXFileReference; lastKnownFileType = sourcecode.swift; path = VideoPlayerView.swift; sourceTree = "<group>"; };
		74FC8D7024CC8F6000B86BCA /* PreviewHeaderView.swift */ = {isa = PBXFileReference; lastKnownFileType = sourcecode.swift; path = PreviewHeaderView.swift; sourceTree = "<group>"; };
		74FC8D7124CC8F6000B86BCA /* StoryPreviewCell.xib */ = {isa = PBXFileReference; lastKnownFileType = file.xib; path = StoryPreviewCell.xib; sourceTree = "<group>"; };
		74FC8D7324CC907B00B86BCA /* StoryCell.swift */ = {isa = PBXFileReference; lastKnownFileType = sourcecode.swift; path = StoryCell.swift; sourceTree = "<group>"; };
		74FC8D7B24CC941700B86BCA /* StoryPreviewController.swift */ = {isa = PBXFileReference; lastKnownFileType = sourcecode.swift; path = StoryPreviewController.swift; sourceTree = "<group>"; };
/* End PBXFileReference section */

/* Begin PBXFrameworksBuildPhase section */
		74FC8D4D24CC8E1200B86BCA /* Frameworks */ = {
			isa = PBXFrameworksBuildPhase;
			buildActionMask = 2147483647;
			files = (
			);
			runOnlyForDeploymentPostprocessing = 0;
		};
/* End PBXFrameworksBuildPhase section */

/* Begin PBXGroup section */
		74FC8D4724CC8E1200B86BCA = {
			isa = PBXGroup;
			children = (
				74FC8D5224CC8E1200B86BCA /* RCStoryPlayer */,
				74FC8D5124CC8E1200B86BCA /* Products */,
			);
			sourceTree = "<group>";
		};
		74FC8D5124CC8E1200B86BCA /* Products */ = {
			isa = PBXGroup;
			children = (
				74FC8D5024CC8E1200B86BCA /* RCStoryPlayer.app */,
			);
			name = Products;
			sourceTree = "<group>";
		};
		74FC8D5224CC8E1200B86BCA /* RCStoryPlayer */ = {
			isa = PBXGroup;
			children = (
				74FC8D5324CC8E1200B86BCA /* AppDelegate.swift */,
				74FC8D5524CC8E1200B86BCA /* SceneDelegate.swift */,
				74FC8D6724CC8F3500B86BCA /* Extension */,
				74FC8D6B24CC8F6000B86BCA /* View */,
				74FC8D7224CC8FE200B86BCA /* Controller */,
				74FC8D5924CC8E1200B86BCA /* Main.storyboard */,
				74FC8D5C24CC8E1400B86BCA /* Assets.xcassets */,
				74FC8D5E24CC8E1400B86BCA /* LaunchScreen.storyboard */,
				74FC8D6124CC8E1400B86BCA /* Info.plist */,
			);
			path = RCStoryPlayer;
			sourceTree = "<group>";
		};
		74FC8D6724CC8F3500B86BCA /* Extension */ = {
			isa = PBXGroup;
			children = (
				74FC8D6824CC8F3500B86BCA /* NIB+Initilizer.swift */,
				74FC8D6A24CC8F3500B86BCA /* ReusableView.swift */,
			);
			path = Extension;
			sourceTree = "<group>";
		};
		74FC8D6B24CC8F6000B86BCA /* View */ = {
			isa = PBXGroup;
			children = (
				74FC8D7324CC907B00B86BCA /* StoryCell.swift */,
				74FC8D6D24CC8F6000B86BCA /* PreviewViews */,
			);
			path = View;
			sourceTree = "<group>";
		};
		74FC8D6D24CC8F6000B86BCA /* PreviewViews */ = {
			isa = PBXGroup;
			children = (
				74FC8D6E24CC8F6000B86BCA /* StoryPreviewCell.swift */,
				74FC8D7124CC8F6000B86BCA /* StoryPreviewCell.xib */,
				74FC8D6F24CC8F6000B86BCA /* VideoPlayerView.swift */,
				74FC8D7024CC8F6000B86BCA /* PreviewHeaderView.swift */,
			);
			path = PreviewViews;
			sourceTree = "<group>";
		};
		74FC8D7224CC8FE200B86BCA /* Controller */ = {
			isa = PBXGroup;
			children = (
				74FC8D5724CC8E1200B86BCA /* ViewController.swift */,
				74FC8D7B24CC941700B86BCA /* StoryPreviewController.swift */,
			);
			path = Controller;
			sourceTree = "<group>";
		};
/* End PBXGroup section */

/* Begin PBXNativeTarget section */
		74FC8D4F24CC8E1200B86BCA /* RCStoryPlayer */ = {
			isa = PBXNativeTarget;
			buildConfigurationList = 74FC8D6424CC8E1400B86BCA /* Build configuration list for PBXNativeTarget "RCStoryPlayer" */;
			buildPhases = (
				74FC8D4C24CC8E1200B86BCA /* Sources */,
				74FC8D4D24CC8E1200B86BCA /* Frameworks */,
				74FC8D4E24CC8E1200B86BCA /* Resources */,
			);
			buildRules = (
			);
			dependencies = (
			);
			name = RCStoryPlayer;
			productName = RCStoryPlayer;
			productReference = 74FC8D5024CC8E1200B86BCA /* RCStoryPlayer.app */;
			productType = "com.apple.product-type.application";
		};
/* End PBXNativeTarget section */

/* Begin PBXProject section */
		74FC8D4824CC8E1200B86BCA /* Project object */ = {
			isa = PBXProject;
			attributes = {
				LastSwiftUpdateCheck = 1150;
				LastUpgradeCheck = 1150;
				ORGANIZATIONNAME = raduncicen.com;
				TargetAttributes = {
					74FC8D4F24CC8E1200B86BCA = {
						CreatedOnToolsVersion = 11.5;
					};
				};
			};
			buildConfigurationList = 74FC8D4B24CC8E1200B86BCA /* Build configuration list for PBXProject "RCStoryPlayer" */;
			compatibilityVersion = "Xcode 9.3";
			developmentRegion = en;
			hasScannedForEncodings = 0;
			knownRegions = (
				en,
				Base,
			);
			mainGroup = 74FC8D4724CC8E1200B86BCA;
			productRefGroup = 74FC8D5124CC8E1200B86BCA /* Products */;
			projectDirPath = "";
			projectRoot = "";
			targets = (
				74FC8D4F24CC8E1200B86BCA /* RCStoryPlayer */,
			);
		};
/* End PBXProject section */

/* Begin PBXResourcesBuildPhase section */
		74FC8D4E24CC8E1200B86BCA /* Resources */ = {
			isa = PBXResourcesBuildPhase;
			buildActionMask = 2147483647;
			files = (
				74FC8D7824CC90D600B86BCA /* StoryPreviewCell.xib in Resources */,
				74FC8D6024CC8E1400B86BCA /* LaunchScreen.storyboard in Resources */,
				74FC8D5D24CC8E1400B86BCA /* Assets.xcassets in Resources */,
				74FC8D5B24CC8E1200B86BCA /* Main.storyboard in Resources */,
			);
			runOnlyForDeploymentPostprocessing = 0;
		};
/* End PBXResourcesBuildPhase section */

/* Begin PBXSourcesBuildPhase section */
		74FC8D4C24CC8E1200B86BCA /* Sources */ = {
			isa = PBXSourcesBuildPhase;
			buildActionMask = 2147483647;
			files = (
				74FC8D7724CC90D600B86BCA /* StoryPreviewCell.swift in Sources */,
				74FC8D5824CC8E1200B86BCA /* ViewController.swift in Sources */,
				74FC8D7C24CC941700B86BCA /* StoryPreviewController.swift in Sources */,
				74FC8D7524CC90CC00B86BCA /* ReusableView.swift in Sources */,
				74FC8D5424CC8E1200B86BCA /* AppDelegate.swift in Sources */,
				74FC8D5624CC8E1200B86BCA /* SceneDelegate.swift in Sources */,
				74FC8D7624CC90D000B86BCA /* NIB+Initilizer.swift in Sources */,
				74FC8D7424CC907B00B86BCA /* StoryCell.swift in Sources */,
				74FC8D7924CC90D600B86BCA /* VideoPlayerView.swift in Sources */,
				74FC8D7A24CC90D600B86BCA /* PreviewHeaderView.swift in Sources */,
			);
			runOnlyForDeploymentPostprocessing = 0;
		};
/* End PBXSourcesBuildPhase section */

/* Begin PBXVariantGroup section */
		74FC8D5924CC8E1200B86BCA /* Main.storyboard */ = {
			isa = PBXVariantGroup;
			children = (
				74FC8D5A24CC8E1200B86BCA /* Base */,
			);
			name = Main.storyboard;
			sourceTree = "<group>";
		};
		74FC8D5E24CC8E1400B86BCA /* LaunchScreen.storyboard */ = {
			isa = PBXVariantGroup;
			children = (
				74FC8D5F24CC8E1400B86BCA /* Base */,
			);
			name = LaunchScreen.storyboard;
			sourceTree = "<group>";
		};
/* End PBXVariantGroup section */

/* Begin XCBuildConfiguration section */
		74FC8D6224CC8E1400B86BCA /* Debug */ = {
			isa = XCBuildConfiguration;
			buildSettings = {
				ALWAYS_SEARCH_USER_PATHS = NO;
				CLANG_ANALYZER_NONNULL = YES;
				CLANG_ANALYZER_NUMBER_OBJECT_CONVERSION = YES_AGGRESSIVE;
				CLANG_CXX_LANGUAGE_STANDARD = "gnu++14";
				CLANG_CXX_LIBRARY = "libc++";
				CLANG_ENABLE_MODULES = YES;
				CLANG_ENABLE_OBJC_ARC = YES;
				CLANG_ENABLE_OBJC_WEAK = YES;
				CLANG_WARN_BLOCK_CAPTURE_AUTORELEASING = YES;
				CLANG_WARN_BOOL_CONVERSION = YES;
				CLANG_WARN_COMMA = YES;
				CLANG_WARN_CONSTANT_CONVERSION = YES;
				CLANG_WARN_DEPRECATED_OBJC_IMPLEMENTATIONS = YES;
				CLANG_WARN_DIRECT_OBJC_ISA_USAGE = YES_ERROR;
				CLANG_WARN_DOCUMENTATION_COMMENTS = YES;
				CLANG_WARN_EMPTY_BODY = YES;
				CLANG_WARN_ENUM_CONVERSION = YES;
				CLANG_WARN_INFINITE_RECURSION = YES;
				CLANG_WARN_INT_CONVERSION = YES;
				CLANG_WARN_NON_LITERAL_NULL_CONVERSION = YES;
				CLANG_WARN_OBJC_IMPLICIT_RETAIN_SELF = YES;
				CLANG_WARN_OBJC_LITERAL_CONVERSION = YES;
				CLANG_WARN_OBJC_ROOT_CLASS = YES_ERROR;
				CLANG_WARN_RANGE_LOOP_ANALYSIS = YES;
				CLANG_WARN_STRICT_PROTOTYPES = YES;
				CLANG_WARN_SUSPICIOUS_MOVE = YES;
				CLANG_WARN_UNGUARDED_AVAILABILITY = YES_AGGRESSIVE;
				CLANG_WARN_UNREACHABLE_CODE = YES;
				CLANG_WARN__DUPLICATE_METHOD_MATCH = YES;
				COPY_PHASE_STRIP = NO;
				DEBUG_INFORMATION_FORMAT = dwarf;
				ENABLE_STRICT_OBJC_MSGSEND = YES;
				ENABLE_TESTABILITY = YES;
				GCC_C_LANGUAGE_STANDARD = gnu11;
				GCC_DYNAMIC_NO_PIC = NO;
				GCC_NO_COMMON_BLOCKS = YES;
				GCC_OPTIMIZATION_LEVEL = 0;
				GCC_PREPROCESSOR_DEFINITIONS = (
					"DEBUG=1",
					"$(inherited)",
				);
				GCC_WARN_64_TO_32_BIT_CONVERSION = YES;
				GCC_WARN_ABOUT_RETURN_TYPE = YES_ERROR;
				GCC_WARN_UNDECLARED_SELECTOR = YES;
				GCC_WARN_UNINITIALIZED_AUTOS = YES_AGGRESSIVE;
				GCC_WARN_UNUSED_FUNCTION = YES;
				GCC_WARN_UNUSED_VARIABLE = YES;
				IPHONEOS_DEPLOYMENT_TARGET = 13.5;
				MTL_ENABLE_DEBUG_INFO = INCLUDE_SOURCE;
				MTL_FAST_MATH = YES;
				ONLY_ACTIVE_ARCH = YES;
				SDKROOT = iphoneos;
				SWIFT_ACTIVE_COMPILATION_CONDITIONS = DEBUG;
				SWIFT_OPTIMIZATION_LEVEL = "-Onone";
			};
			name = Debug;
		};
		74FC8D6324CC8E1400B86BCA /* Release */ = {
			isa = XCBuildConfiguration;
			buildSettings = {
				ALWAYS_SEARCH_USER_PATHS = NO;
				CLANG_ANALYZER_NONNULL = YES;
				CLANG_ANALYZER_NUMBER_OBJECT_CONVERSION = YES_AGGRESSIVE;
				CLANG_CXX_LANGUAGE_STANDARD = "gnu++14";
				CLANG_CXX_LIBRARY = "libc++";
				CLANG_ENABLE_MODULES = YES;
				CLANG_ENABLE_OBJC_ARC = YES;
				CLANG_ENABLE_OBJC_WEAK = YES;
				CLANG_WARN_BLOCK_CAPTURE_AUTORELEASING = YES;
				CLANG_WARN_BOOL_CONVERSION = YES;
				CLANG_WARN_COMMA = YES;
				CLANG_WARN_CONSTANT_CONVERSION = YES;
				CLANG_WARN_DEPRECATED_OBJC_IMPLEMENTATIONS = YES;
				CLANG_WARN_DIRECT_OBJC_ISA_USAGE = YES_ERROR;
				CLANG_WARN_DOCUMENTATION_COMMENTS = YES;
				CLANG_WARN_EMPTY_BODY = YES;
				CLANG_WARN_ENUM_CONVERSION = YES;
				CLANG_WARN_INFINITE_RECURSION = YES;
				CLANG_WARN_INT_CONVERSION = YES;
				CLANG_WARN_NON_LITERAL_NULL_CONVERSION = YES;
				CLANG_WARN_OBJC_IMPLICIT_RETAIN_SELF = YES;
				CLANG_WARN_OBJC_LITERAL_CONVERSION = YES;
				CLANG_WARN_OBJC_ROOT_CLASS = YES_ERROR;
				CLANG_WARN_RANGE_LOOP_ANALYSIS = YES;
				CLANG_WARN_STRICT_PROTOTYPES = YES;
				CLANG_WARN_SUSPICIOUS_MOVE = YES;
				CLANG_WARN_UNGUARDED_AVAILABILITY = YES_AGGRESSIVE;
				CLANG_WARN_UNREACHABLE_CODE = YES;
				CLANG_WARN__DUPLICATE_METHOD_MATCH = YES;
				COPY_PHASE_STRIP = NO;
				DEBUG_INFORMATION_FORMAT = "dwarf-with-dsym";
				ENABLE_NS_ASSERTIONS = NO;
				ENABLE_STRICT_OBJC_MSGSEND = YES;
				GCC_C_LANGUAGE_STANDARD = gnu11;
				GCC_NO_COMMON_BLOCKS = YES;
				GCC_WARN_64_TO_32_BIT_CONVERSION = YES;
				GCC_WARN_ABOUT_RETURN_TYPE = YES_ERROR;
				GCC_WARN_UNDECLARED_SELECTOR = YES;
				GCC_WARN_UNINITIALIZED_AUTOS = YES_AGGRESSIVE;
				GCC_WARN_UNUSED_FUNCTION = YES;
				GCC_WARN_UNUSED_VARIABLE = YES;
				IPHONEOS_DEPLOYMENT_TARGET = 13.5;
				MTL_ENABLE_DEBUG_INFO = NO;
				MTL_FAST_MATH = YES;
				SDKROOT = iphoneos;
				SWIFT_COMPILATION_MODE = wholemodule;
				SWIFT_OPTIMIZATION_LEVEL = "-O";
				VALIDATE_PRODUCT = YES;
			};
			name = Release;
		};
		74FC8D6524CC8E1400B86BCA /* Debug */ = {
			isa = XCBuildConfiguration;
			buildSettings = {
				ASSETCATALOG_COMPILER_APPICON_NAME = AppIcon;
				CODE_SIGN_STYLE = Automatic;
				DEVELOPMENT_TEAM = 96PV586T2G;
				INFOPLIST_FILE = RCStoryPlayer/Info.plist;
				IPHONEOS_DEPLOYMENT_TARGET = 13.0;
				LD_RUNPATH_SEARCH_PATHS = (
					"$(inherited)",
					"@executable_path/Frameworks",
				);
				PRODUCT_BUNDLE_IDENTIFIER = com.raduncicen.RCStoryPlayer;
				PRODUCT_NAME = "$(TARGET_NAME)";
				SWIFT_VERSION = 5.0;
				TARGETED_DEVICE_FAMILY = "1,2";
			};
			name = Debug;
		};
		74FC8D6624CC8E1400B86BCA /* Release */ = {
			isa = XCBuildConfiguration;
			buildSettings = {
				ASSETCATALOG_COMPILER_APPICON_NAME = AppIcon;
				CODE_SIGN_STYLE = Automatic;
				DEVELOPMENT_TEAM = 96PV586T2G;
				INFOPLIST_FILE = RCStoryPlayer/Info.plist;
				IPHONEOS_DEPLOYMENT_TARGET = 13.0;
				LD_RUNPATH_SEARCH_PATHS = (
					"$(inherited)",
					"@executable_path/Frameworks",
				);
				PRODUCT_BUNDLE_IDENTIFIER = com.raduncicen.RCStoryPlayer;
				PRODUCT_NAME = "$(TARGET_NAME)";
				SWIFT_VERSION = 5.0;
				TARGETED_DEVICE_FAMILY = "1,2";
			};
			name = Release;
		};
/* End XCBuildConfiguration section */

/* Begin XCConfigurationList section */
		74FC8D4B24CC8E1200B86BCA /* Build configuration list for PBXProject "RCStoryPlayer" */ = {
			isa = XCConfigurationList;
			buildConfigurations = (
				74FC8D6224CC8E1400B86BCA /* Debug */,
				74FC8D6324CC8E1400B86BCA /* Release */,
			);
			defaultConfigurationIsVisible = 0;
			defaultConfigurationName = Release;
		};
		74FC8D6424CC8E1400B86BCA /* Build configuration list for PBXNativeTarget "RCStoryPlayer" */ = {
			isa = XCConfigurationList;
			buildConfigurations = (
				74FC8D6524CC8E1400B86BCA /* Debug */,
				74FC8D6624CC8E1400B86BCA /* Release */,
			);
			defaultConfigurationIsVisible = 0;
			defaultConfigurationName = Release;
		};
/* End XCConfigurationList section */
	};
	rootObject = 74FC8D4824CC8E1200B86BCA /* Project object */;
}
